<?xml version="1.0" encoding="utf-8"?>
<Project ToolsVersion="4.0" xmlns="http://schemas.microsoft.com/developer/msbuild/2003">
  <ItemGroup>
    <Filter Include="Source Files">
      <UniqueIdentifier>{4FC737F1-C7A5-4376-A066-2A32D752A2FF}</UniqueIdentifier>
      <Extensions>cpp;c;cc;cxx;c++;cppm;ixx;def;odl;idl;hpj;bat;asm;asmx</Extensions>
    </Filter>
    <Filter Include="Header Files">
      <UniqueIdentifier>{93995380-89BD-4b04-88EB-625FBE52EBFB}</UniqueIdentifier>
      <Extensions>h;hh;hpp;hxx;h++;hm;inl;inc;ipp;xsd</Extensions>
    </Filter>
    <Filter Include="Resource Files">
      <UniqueIdentifier>{67DA6AB6-F800-4c08-8B7A-83BB121AAD01}</UniqueIdentifier>
      <Extensions>rc;ico;cur;bmp;dlg;rc2;rct;bin;rgs;gif;jpg;jpeg;jpe;resx;tiff;tif;png;wav;mfcribbon-ms</Extensions>
    </Filter>
    <Filter Include="shaders">
      <UniqueIdentifier>{ae01fac7-bd49-4323-8a25-0d3f10871427}</UniqueIdentifier>
    </Filter>
    <Filter Include="Textures">
      <UniqueIdentifier>{8483bfa1-3b3c-4ee1-8d11-5c26e6740ce7}</UniqueIdentifier>
    </Filter>
  </ItemGroup>
  <ItemGroup>
    <ClCompile Include="main.cpp">
      <Filter>Source Files</Filter>
    </ClCompile>
    <ClCompile Include="Camera.cpp">
      <Filter>Source Files</Filter>
    </ClCompile>
    <ClCompile Include="Shader.cpp">
      <Filter>Source Files</Filter>
    </ClCompile>
    <ClCompile Include="LODManager.cpp">
      <Filter>Source Files</Filter>
    </ClCompile>
    <ClCompile Include="Mesh.cpp">
      <Filter>Source Files</Filter>
    </ClCompile>
    <ClCompile Include="Model.cpp">
      <Filter>Source Files</Filter>
    </ClCompile>
    <ClCompile Include="SpatialPartition.cpp">
      <Filter>Source Files</Filter>
    </ClCompile>
    <ClCompile Include="SceneNode.cpp">
      <Filter>Source Files</Filter>
    </ClCompile>
    <ClCompile Include="SceneGraph.cpp">
      <Filter>Source Files</Filter>
    </ClCompile>
    <ClCompile Include="Traffic.cpp">
      <Filter>Source Files</Filter>
    </ClCompile>
    <ClCompile Include="Pedestrians.cpp">
      <Filter>Source Files</Filter>
    </ClCompile>
    <ClCompile Include="SceneHelpers.cpp">
      <Filter>Source Files</Filter>
    </ClCompile>
    <ClCompile Include="DeferredRenderer.cpp">
      <Filter>Source Files</Filter>
    </ClCompile>
    <ClCompile Include="SimpleGUI.cpp">
      <Filter>Source Files</Filter>
    </ClCompile>
  </ItemGroup>
  <ItemGroup>
    <ClInclude Include="stb_image.h">
      <Filter>Header Files</Filter>
    </ClInclude>
    <ClInclude Include="Camera.h">
      <Filter>Header Files</Filter>
    </ClInclude>
    <ClInclude Include="Shader.h">
      <Filter>Header Files</Filter>
    </ClInclude>
    <ClInclude Include="LODManager.h">
      <Filter>Header Files</Filter>
    </ClInclude>
    <ClInclude Include="Mesh.h">
      <Filter>Header Files</Filter>
    </ClInclude>
    <ClInclude Include="Model.h">
      <Filter>Header Files</Filter>
    </ClInclude>
    <ClInclude Include="SceneGraph.h">
      <Filter>Header Files</Filter>
    </ClInclude>
    <ClInclude Include="SceneNode.h">
      <Filter>Header Files</Filter>
    </ClInclude>
    <ClInclude Include="SpatialPartition.h">
      <Filter>Header Files</Filter>
    </ClInclude>
    <ClInclude Include="Traffic.h">
      <Filter>Header Files</Filter>
    </ClInclude>
    <ClInclude Include="Pedestrians.h">
      <Filter>Header Files</Filter>
    </ClInclude>
    <ClInclude Include="main.h">
      <Filter>Header Files</Filter>
    </ClInclude>
    <ClInclude Include="DeferredRenderer.h">
      <Filter>Header Files</Filter>
    </ClInclude>
    <ClInclude Include="SimpleGUI.h">
      <Filter>Header Files</Filter>
    </ClInclude>
  </ItemGroup>
  <ItemGroup>
    <None Include="shaders\basic.vert">
      <Filter>shaders</Filter>
    </None>
    <None Include="shaders\ground.frag">
      <Filter>shaders</Filter>
    </None>
    <None Include="shaders\Lighting.frag">
      <Filter>shaders</Filter>
    </None>
    <None Include="shaders\normalmap.frag">
      <Filter>shaders</Filter>
    </None>
    <None Include="shaders\shadowmap.frag">
      <Filter>shaders</Filter>
    </None>
    <None Include="shaders\shadowmap.vert">
      <Filter>shaders</Filter>
    </None>
    <None Include="shaders\water.frag">
      <Filter>shaders</Filter>
    </None>
    <None Include="shaders\water.vert">
      <Filter>shaders</Filter>
    </None>
    <None Include="shaders\gbuffer.vert">
      <Filter>shaders</Filter>
    </None>
    <None Include="shaders\deferred_lighting.frag">
      <Filter>shaders</Filter>
    </None>
    <None Include="shaders\fullscreen_quad.vert">
      <Filter>shaders</Filter>
    </None>
    <None Include="shaders\gbuffer.frag">
      <Filter>shaders</Filter>
    </None>
    <None Include="shaders\hdr.frag">
      <Filter>shaders</Filter>
    </None>
    <None Include="shaders\bloom_blur.frag">
      <Filter>shaders</Filter>
    </None>
    <None Include="shaders\bloom_extract.frag">
      <Filter>shaders</Filter>
    </None>
    <None Include="shaders\ssao.frag">
      <Filter>shaders</Filter>
    </None>
    <None Include="shaders\ssao_blur.frag">
      <Filter>shaders</Filter>
    </None>
  </ItemGroup>
  <ItemGroup>
    <Image Include="textures\nx.jpg">
      <Filter>Textures</Filter>
    </Image>
    <Image Include="textures\ny.jpg">
      <Filter>Textures</Filter>
    </Image>
    <Image Include="textures\nz.jpg">
      <Filter>Textures</Filter>
    </Image>
    <Image Include="textures\px.jpg">
      <Filter>Textures</Filter>
    </Image>
    <Image Include="textures\py.jpg">
      <Filter>Textures</Filter>
    </Image>
    <Image Include="textures\pz.jpg">
      <Filter>Textures</Filter>
    </Image>
  </ItemGroup>
</Project>